{
  "name": "miniprogram-1",
  "version": "1.0.0",
  "lockfileVersion": 3,
  "requires": true,
  "packages": {
    "": {
      "name": "miniprogram-1",
      "version": "1.0.0",
      "license": "ISC",
      "dependencies": {
        "mobx-miniprogram": "^6.12.3",
        "mobx-miniprogram-bindings": "^5.1.1"
      }
    },
    "node_modules/miniprogram-api-typings": {
      "version": "4.1.3",
      "resolved": "https://registry.npmjs.org/miniprogram-api-typings/-/miniprogram-api-typings-4.1.3.tgz",
      "integrity": "sha512-5mobiXzDS3KFJMM20cIg5m7hiFSJY0YGpgm5yzFeIJ+UP15RGOtW/ztqAhRfOQIvPBD0WyYB+WFCWaeeTTEZTQ==",
      "license": "MIT",
      "peer": true
    },
    "node_modules/mobx-miniprogram": {
      "version": "6.12.3",
      "resolved": "https://registry.npmjs.org/mobx-miniprogram/-/mobx-miniprogram-6.12.3.tgz",
      "integrity": "sha512-GEq1EG7jZPnrHYV43oppa6jY9lgbNRuGPiXyOFRoluHjd5LIGBf3a+zXMjzO1AVwrFOWvVRazxtzfiRXMUUqZw==",
      "license": "MIT",
      "funding": {
        "type": "opencollective",
        "url": "https://opencollective.com/mobx"
      }
    },
    "node_modules/mobx-miniprogram-bindings": {
      "version": "5.1.1",
      "resolved": "https://registry.npmjs.org/mobx-miniprogram-bindings/-/mobx-miniprogram-bindings-5.1.1.tgz",
      "integrity": "sha512-mWUST+SEkzOlOIaNCh5rlmpNirl+WKOAYifwfRUn8vpWUenCOyfi2Q7Z8bi+ydlAh/L6r1rmtFq8ot5zjeb1Yw==",
      "license": "MIT",
      "peerDependencies": {
        "miniprogram-api-typings": "^4.0.1",
        "mobx-miniprogram": "^6.0.0"
      }
    }
  }
}
